
Microsoft Visual Studio Solution File, Format Version 12.00
# Visual Studio Version 17
VisualStudioVersion = 17.8.34309.116
MinimumVisualStudioVersion = 10.0.40219.1
Project("{FAE04EC0-301F-11D3-BF4B-00C04F79EFBC}") = "Projekt - Rabat na loty", "Projekt - Rabat na loty\Projekt - Rabat na loty.csproj", "{3D28578C-DBF3-4C94-A8BD-57BBA55B5550}"
EndProject
Global
	GlobalSection(SolutionConfigurationPlatforms) = preSolution
		Debug|Any CPU = Debug|Any CPU
		Release|Any CPU = Release|Any CPU
	EndGlobalSection
	GlobalSection(ProjectConfigurationPlatforms) = postSolution
		{3D28578C-DBF3-4C94-A8BD-57BBA55B5550}.Debug|Any CPU.ActiveCfg = Debug|Any CPU
		{3D28578C-DBF3-4C94-A8BD-57BBA55B5550}.Debug|Any CPU.Build.0 = Debug|Any CPU
		{3D28578C-DBF3-4C94-A8BD-57BBA55B5550}.Release|Any CPU.ActiveCfg = Release|Any CPU
		{3D28578C-DBF3-4C94-A8BD-57BBA55B5550}.Release|Any CPU.Build.0 = Release|Any CPU
	EndGlobalSection
	GlobalSection(SolutionProperties) = preSolution
		HideSolutionNode = FALSE
	EndGlobalSection
	GlobalSection(ExtensibilityGlobals) = postSolution
		SolutionGuid = {0A866D6D-AFE9-4A29-8A4C-D2F14BABCD5E}
	EndGlobalSection
EndGlobal
